
Microsoft Visual Studio Solution File, Format Version 12.00
# Visual Studio Version 16
VisualStudioVersion = 16.0.29728.190
MinimumVisualStudioVersion = 10.0.40219.1
Project("{FAE04EC0-301F-11D3-BF4B-00C04F79EFBC}") = "HackerRank", "HackerRank\HackerRank.csproj", "{EA32C6EA-93C9-4143-913D-2D73CD89182B}"
EndProject
Global
	GlobalSection(SolutionConfigurationPlatforms) = preSolution
		Debug|Any CPU = Debug|Any CPU
		Release|Any CPU = Release|Any CPU
	EndGlobalSection
	GlobalSection(ProjectConfigurationPlatforms) = postSolution
		{EA32C6EA-93C9-4143-913D-2D73CD89182B}.Debug|Any CPU.ActiveCfg = Debug|Any CPU
		{EA32C6EA-93C9-4143-913D-2D73CD89182B}.Debug|Any CPU.Build.0 = Debug|Any CPU
		{EA32C6EA-93C9-4143-913D-2D73CD89182B}.Release|Any CPU.ActiveCfg = Release|Any CPU
		{EA32C6EA-93C9-4143-913D-2D73CD89182B}.Release|Any CPU.Build.0 = Release|Any CPU
	EndGlobalSection
	GlobalSection(SolutionProperties) = preSolution
		HideSolutionNode = FALSE
	EndGlobalSection
	GlobalSection(ExtensibilityGlobals) = postSolution
		SolutionGuid = {C9326E79-5276-4D93-B588-1E966A9A1F5B}
	EndGlobalSection
EndGlobal
